
Microsoft Visual Studio Solution File, Format Version 12.00
# Visual Studio Version 17
VisualStudioVersion = 17.14.36623.8 d17.14
MinimumVisualStudioVersion = 10.0.40219.1
Project("{FAE04EC0-301F-11D3-BF4B-00C04F79EFBC}") = "CalendarInvite", "CalendarInvite\CalendarInvite.csproj", "{ECAD22C7-765A-456D-BCAB-9647D7B8C2D9}"
EndProject
Global
	GlobalSection(SolutionConfigurationPlatforms) = preSolution
		Debug|Any CPU = Debug|Any CPU
		Release|Any CPU = Release|Any CPU
	EndGlobalSection
	GlobalSection(ProjectConfigurationPlatforms) = postSolution
		{ECAD22C7-765A-456D-BCAB-9647D7B8C2D9}.Debug|Any CPU.ActiveCfg = Debug|Any CPU
		{ECAD22C7-765A-456D-BCAB-9647D7B8C2D9}.Debug|Any CPU.Build.0 = Debug|Any CPU
		{ECAD22C7-765A-456D-BCAB-9647D7B8C2D9}.Release|Any CPU.ActiveCfg = Release|Any CPU
		{ECAD22C7-765A-456D-BCAB-9647D7B8C2D9}.Release|Any CPU.Build.0 = Release|Any CPU
	EndGlobalSection
	GlobalSection(SolutionProperties) = preSolution
		HideSolutionNode = FALSE
	EndGlobalSection
	GlobalSection(ExtensibilityGlobals) = postSolution
		SolutionGuid = {AEDBB883-C925-41B0-B433-24F7FEF4745E}
	EndGlobalSection
EndGlobal
